{
  "requires": true,
  "lockfileVersion": 1,
  "dependencies": {
    "react-hook-form": {
      "version": "7.33.0",
      "resolved": "https://registry.npmjs.org/react-hook-form/-/react-hook-form-7.33.0.tgz",
      "integrity": "sha512-h8XoeUHQs1Snx1s/sSvM+eVTSKkWQt8TcrbL+3/Rt5gugxpy4ueL5ZZkubffyNpUyyTz0qM0kwOi2c+JgGTjLA=="
    },
    "reset-css": {
      "version": "5.0.1",
      "resolved": "https://registry.npmjs.org/reset-css/-/reset-css-5.0.1.tgz",
      "integrity": "sha512-VyuJdNFfp5x/W6e5wauJM59C02Vs0P22sxzZGhQMPaqu/NGTeFxlBFOOw3eq9vQd19gIDdZp7zi89ylyKOJ33Q=="
    }
  }
}
